// !$*UTF8*$!
{
	archiveVersion = 1;
	classes = {
	};
	objectVersion = 45;
	objects = {

/* Begin PBXBuildFile section */
		29044EDA131C60BE00426DCF /* CHLoginAlertViewController.h in Headers */ = {isa = PBXBuildFile; fileRef = 29044ED8131C60BE00426DCF /* CHLoginAlertViewController.h */; };
		29044EDB131C60BE00426DCF /* CHLoginAlertViewController.m in Sources */ = {isa = PBXBuildFile; fileRef = 29044ED9131C60BE00426DCF /* CHLoginAlertViewController.m */; };
		29044EF0131C612900426DCF /* CFNetwork.framework in Frameworks */ = {isa = PBXBuildFile; fileRef = 29044EEF131C612900426DCF /* CFNetwork.framework */; };
		29044EF2131C613000426DCF /* CoreFoundation.framework in Frameworks */ = {isa = PBXBuildFile; fileRef = 29044EF1131C613000426DCF /* CoreFoundation.framework */; };
		29044F0E131C626200426DCF /* libChaiOneUtils.a in Frameworks */ = {isa = PBXBuildFile; fileRef = 29044F0D131C625700426DCF /* libChaiOneUtils.a */; };
		29044F18131C62BF00426DCF /* UIKit.framework in Frameworks */ = {isa = PBXBuildFile; fileRef = 29044F17131C62BF00426DCF /* UIKit.framework */; };
		29044F1A131C62C700426DCF /* QuartzCore.framework in Frameworks */ = {isa = PBXBuildFile; fileRef = 29044F19131C62C700426DCF /* QuartzCore.framework */; };
		293A1A391309786200E97454 /* CHSplashScreenViewController.h in Headers */ = {isa = PBXBuildFile; fileRef = 293A1A371309786200E97454 /* CHSplashScreenViewController.h */; };
		293A1A3A1309786200E97454 /* CHSplashScreenViewController.m in Sources */ = {isa = PBXBuildFile; fileRef = 293A1A381309786200E97454 /* CHSplashScreenViewController.m */; };
		8D5FE3461396F353008D5D9A /* CHAutocompleteSearchViewController.h in Headers */ = {isa = PBXBuildFile; fileRef = 8D5FE3421396F353008D5D9A /* CHAutocompleteSearchViewController.h */; };
		8D5FE3471396F353008D5D9A /* CHAutocompleteSearchViewController.m in Sources */ = {isa = PBXBuildFile; fileRef = 8D5FE3431396F353008D5D9A /* CHAutocompleteSearchViewController.m */; };
		8D5FE34B1396F3A2008D5D9A /* CHAutocompleteDelegate.h in Headers */ = {isa = PBXBuildFile; fileRef = 8D5FE34A1396F3A2008D5D9A /* CHAutocompleteDelegate.h */; };
		8DB6F4D0139029FE00916F0E /* UILabel+CHAdditions.h in Headers */ = {isa = PBXBuildFile; fileRef = 8DB6F4CE139029FE00916F0E /* UILabel+CHAdditions.h */; };
		8DB6F4D1139029FE00916F0E /* UILabel+CHAdditions.m in Sources */ = {isa = PBXBuildFile; fileRef = 8DB6F4CF139029FE00916F0E /* UILabel+CHAdditions.m */; };
		AA747D9F0F9514B9006C5449 /* ChaiOneUI_Prefix.pch in Headers */ = {isa = PBXBuildFile; fileRef = AA747D9E0F9514B9006C5449 /* ChaiOneUI_Prefix.pch */; };
		AACBBE4A0F95108600F1A2B1 /* Foundation.framework in Frameworks */ = {isa = PBXBuildFile; fileRef = AACBBE490F95108600F1A2B1 /* Foundation.framework */; };
		B5D5AFB21386BDD700288A92 /* CHTagSelectorView.h in Headers */ = {isa = PBXBuildFile; fileRef = B5D5AFB01386BDD700288A92 /* CHTagSelectorView.h */; };
		B5D5AFB31386BDD700288A92 /* CHTagSelectorView.m in Sources */ = {isa = PBXBuildFile; fileRef = B5D5AFB11386BDD700288A92 /* CHTagSelectorView.m */; };
		B5D5AFB61386BE9100288A92 /* CHTag.h in Headers */ = {isa = PBXBuildFile; fileRef = B5D5AFB41386BE9100288A92 /* CHTag.h */; };
		B5D5AFB71386BE9100288A92 /* CHTag.m in Sources */ = {isa = PBXBuildFile; fileRef = B5D5AFB51386BE9100288A92 /* CHTag.m */; };
/* End PBXBuildFile section */

/* Begin PBXContainerItemProxy section */
		29044F0C131C625700426DCF /* PBXContainerItemProxy */ = {
			isa = PBXContainerItemProxy;
			containerPortal = 29044F05131C625700426DCF /* ChaiOneUtils.xcodeproj */;
			proxyType = 2;
			remoteGlobalIDString = D2AAC07E0554694100DB518D;
			remoteInfo = ChaiOneUtils;
		};
		29044F0F131C626F00426DCF /* PBXContainerItemProxy */ = {
			isa = PBXContainerItemProxy;
			containerPortal = 29044F05131C625700426DCF /* ChaiOneUtils.xcodeproj */;
			proxyType = 1;
			remoteGlobalIDString = D2AAC07D0554694100DB518D;
			remoteInfo = ChaiOneUtils;
		};
/* End PBXContainerItemProxy section */

/* Begin PBXFileReference section */
		29044ED8131C60BE00426DCF /* CHLoginAlertViewController.h */ = {isa = PBXFileReference; fileEncoding = 4; lastKnownFileType = sourcecode.c.h; path = CHLoginAlertViewController.h; sourceTree = "<group>"; };
		29044ED9131C60BE00426DCF /* CHLoginAlertViewController.m */ = {isa = PBXFileReference; fileEncoding = 4; lastKnownFileType = sourcecode.c.objc; path = CHLoginAlertViewController.m; sourceTree = "<group>"; };
		29044EEF131C612900426DCF /* CFNetwork.framework */ = {isa = PBXFileReference; lastKnownFileType = wrapper.framework; name = CFNetwork.framework; path = System/Library/Frameworks/CFNetwork.framework; sourceTree = SDKROOT; };
		29044EF1131C613000426DCF /* CoreFoundation.framework */ = {isa = PBXFileReference; lastKnownFileType = wrapper.framework; name = CoreFoundation.framework; path = System/Library/Frameworks/CoreFoundation.framework; sourceTree = SDKROOT; };
		29044F05131C625700426DCF /* ChaiOneUtils.xcodeproj */ = {isa = PBXFileReference; lastKnownFileType = "wrapper.pb-project"; name = ChaiOneUtils.xcodeproj; path = External/ChaiOneUtils/ChaiOneUtils.xcodeproj; sourceTree = "<group>"; };
		29044F17131C62BF00426DCF /* UIKit.framework */ = {isa = PBXFileReference; lastKnownFileType = wrapper.framework; name = UIKit.framework; path = System/Library/Frameworks/UIKit.framework; sourceTree = SDKROOT; };
		29044F19131C62C700426DCF /* QuartzCore.framework */ = {isa = PBXFileReference; lastKnownFileType = wrapper.framework; name = QuartzCore.framework; path = System/Library/Frameworks/QuartzCore.framework; sourceTree = SDKROOT; };
		293A1A371309786200E97454 /* CHSplashScreenViewController.h */ = {isa = PBXFileReference; fileEncoding = 4; lastKnownFileType = sourcecode.c.h; path = CHSplashScreenViewController.h; sourceTree = "<group>"; };
		293A1A381309786200E97454 /* CHSplashScreenViewController.m */ = {isa = PBXFileReference; fileEncoding = 4; lastKnownFileType = sourcecode.c.objc; path = CHSplashScreenViewController.m; sourceTree = "<group>"; };
		8D5FE3421396F353008D5D9A /* CHAutocompleteSearchViewController.h */ = {isa = PBXFileReference; fileEncoding = 4; lastKnownFileType = sourcecode.c.h; path = CHAutocompleteSearchViewController.h; sourceTree = "<group>"; };
		8D5FE3431396F353008D5D9A /* CHAutocompleteSearchViewController.m */ = {isa = PBXFileReference; fileEncoding = 4; lastKnownFileType = sourcecode.c.objc; path = CHAutocompleteSearchViewController.m; sourceTree = "<group>"; };
		8D5FE34A1396F3A2008D5D9A /* CHAutocompleteDelegate.h */ = {isa = PBXFileReference; fileEncoding = 4; lastKnownFileType = sourcecode.c.h; path = CHAutocompleteDelegate.h; sourceTree = "<group>"; };
		8DB6F4CE139029FE00916F0E /* UILabel+CHAdditions.h */ = {isa = PBXFileReference; fileEncoding = 4; lastKnownFileType = sourcecode.c.h; path = "UILabel+CHAdditions.h"; sourceTree = "<group>"; };
		8DB6F4CF139029FE00916F0E /* UILabel+CHAdditions.m */ = {isa = PBXFileReference; fileEncoding = 4; lastKnownFileType = sourcecode.c.objc; path = "UILabel+CHAdditions.m"; sourceTree = "<group>"; };
		AA747D9E0F9514B9006C5449 /* ChaiOneUI_Prefix.pch */ = {isa = PBXFileReference; fileEncoding = 4; lastKnownFileType = sourcecode.c.h; path = ChaiOneUI_Prefix.pch; sourceTree = SOURCE_ROOT; };
		AACBBE490F95108600F1A2B1 /* Foundation.framework */ = {isa = PBXFileReference; lastKnownFileType = wrapper.framework; name = Foundation.framework; path = System/Library/Frameworks/Foundation.framework; sourceTree = SDKROOT; };
		B5D5AFB01386BDD700288A92 /* CHTagSelectorView.h */ = {isa = PBXFileReference; fileEncoding = 4; lastKnownFileType = sourcecode.c.h; path = CHTagSelectorView.h; sourceTree = "<group>"; };
		B5D5AFB11386BDD700288A92 /* CHTagSelectorView.m */ = {isa = PBXFileReference; fileEncoding = 4; lastKnownFileType = sourcecode.c.objc; path = CHTagSelectorView.m; sourceTree = "<group>"; };
		B5D5AFB41386BE9100288A92 /* CHTag.h */ = {isa = PBXFileReference; fileEncoding = 4; lastKnownFileType = sourcecode.c.h; path = CHTag.h; sourceTree = "<group>"; };
		B5D5AFB51386BE9100288A92 /* CHTag.m */ = {isa = PBXFileReference; fileEncoding = 4; lastKnownFileType = sourcecode.c.objc; path = CHTag.m; sourceTree = "<group>"; };
		D2AAC07E0554694100DB518D /* libChaiOneUI.a */ = {isa = PBXFileReference; explicitFileType = archive.ar; includeInIndex = 0; path = libChaiOneUI.a; sourceTree = BUILT_PRODUCTS_DIR; };
/* End PBXFileReference section */

/* Begin PBXFrameworksBuildPhase section */
		D2AAC07C0554694100DB518D /* Frameworks */ = {
			isa = PBXFrameworksBuildPhase;
			buildActionMask = 2147483647;
			files = (
				29044F0E131C626200426DCF /* libChaiOneUtils.a in Frameworks */,
				AACBBE4A0F95108600F1A2B1 /* Foundation.framework in Frameworks */,
				29044EF0131C612900426DCF /* CFNetwork.framework in Frameworks */,
				29044EF2131C613000426DCF /* CoreFoundation.framework in Frameworks */,
				29044F18131C62BF00426DCF /* UIKit.framework in Frameworks */,
				29044F1A131C62C700426DCF /* QuartzCore.framework in Frameworks */,
			);
			runOnlyForDeploymentPostprocessing = 0;
		};
/* End PBXFrameworksBuildPhase section */

/* Begin PBXGroup section */
		034768DFFF38A50411DB9C8B /* Products */ = {
			isa = PBXGroup;
			children = (
				D2AAC07E0554694100DB518D /* libChaiOneUI.a */,
			);
			name = Products;
			sourceTree = "<group>";
		};
		0867D691FE84028FC02AAC07 /* ChaiOneUI */ = {
			isa = PBXGroup;
			children = (
				29044F05131C625700426DCF /* ChaiOneUtils.xcodeproj */,
				8DB6F4CB139029A200916F0E /* Categories */,
				08FB77AEFE84172EC02AAC07 /* Classes */,
				32C88DFF0371C24200C91783 /* Other Sources */,
				0867D69AFE84028FC02AAC07 /* Frameworks */,
				034768DFFF38A50411DB9C8B /* Products */,
			);
			name = ChaiOneUI;
			sourceTree = "<group>";
		};
		0867D69AFE84028FC02AAC07 /* Frameworks */ = {
			isa = PBXGroup;
			children = (
				AACBBE490F95108600F1A2B1 /* Foundation.framework */,
				29044EEF131C612900426DCF /* CFNetwork.framework */,
				29044EF1131C613000426DCF /* CoreFoundation.framework */,
				29044F17131C62BF00426DCF /* UIKit.framework */,
				29044F19131C62C700426DCF /* QuartzCore.framework */,
			);
			name = Frameworks;
			sourceTree = "<group>";
		};
		08FB77AEFE84172EC02AAC07 /* Classes */ = {
			isa = PBXGroup;
			children = (
				8D5FE3381396F315008D5D9A /* CHAutocompleteViewController */,
				B5D5AFAF1386BDC500288A92 /* CHTagSelector */,
				29044ED7131C60BE00426DCF /* CHLoginAlertViewController */,
				293A1A361309781600E97454 /* CHSplashScreenViewController */,
			);
			name = Classes;
			sourceTree = "<group>";
		};
		29044ED7131C60BE00426DCF /* CHLoginAlertViewController */ = {
			isa = PBXGroup;
			children = (
				29044ED8131C60BE00426DCF /* CHLoginAlertViewController.h */,
				29044ED9131C60BE00426DCF /* CHLoginAlertViewController.m */,
			);
			path = CHLoginAlertViewController;
			sourceTree = "<group>";
		};
		29044F06131C625700426DCF /* Products */ = {
			isa = PBXGroup;
			children = (
				29044F0D131C625700426DCF /* libChaiOneUtils.a */,
			);
			name = Products;
			sourceTree = "<group>";
		};
		293A1A361309781600E97454 /* CHSplashScreenViewController */ = {
			isa = PBXGroup;
			children = (
				293A1A371309786200E97454 /* CHSplashScreenViewController.h */,
				293A1A381309786200E97454 /* CHSplashScreenViewController.m */,
			);
			name = CHSplashScreenViewController;
			path = SplashScreenViewController;
			sourceTree = "<group>";
		};
		32C88DFF0371C24200C91783 /* Other Sources */ = {
			isa = PBXGroup;
			children = (
				AA747D9E0F9514B9006C5449 /* ChaiOneUI_Prefix.pch */,
			);
			name = "Other Sources";
			sourceTree = "<group>";
		};
		8D5FE3381396F315008D5D9A /* CHAutocompleteViewController */ = {
			isa = PBXGroup;
			children = (
				8D5FE34A1396F3A2008D5D9A /* CHAutocompleteDelegate.h */,
				8D5FE3421396F353008D5D9A /* CHAutocompleteSearchViewController.h */,
				8D5FE3431396F353008D5D9A /* CHAutocompleteSearchViewController.m */,
			);
			name = CHAutocompleteViewController;
			sourceTree = "<group>";
		};
		8DB6F4CB139029A200916F0E /* Categories */ = {
			isa = PBXGroup;
			children = (
				8DB6F4CD139029AA00916F0E /* UILabel */,
			);
			name = Categories;
			sourceTree = "<group>";
		};
		8DB6F4CD139029AA00916F0E /* UILabel */ = {
			isa = PBXGroup;
			children = (
				8DB6F4CE139029FE00916F0E /* UILabel+CHAdditions.h */,
				8DB6F4CF139029FE00916F0E /* UILabel+CHAdditions.m */,
			);
			name = UILabel;
			sourceTree = "<group>";
		};
		B5D5AFAF1386BDC500288A92 /* CHTagSelector */ = {
			isa = PBXGroup;
			children = (
				B5D5AFB01386BDD700288A92 /* CHTagSelectorView.h */,
				B5D5AFB11386BDD700288A92 /* CHTagSelectorView.m */,
				B5D5AFB41386BE9100288A92 /* CHTag.h */,
				B5D5AFB51386BE9100288A92 /* CHTag.m */,
			);
			name = CHTagSelector;
			sourceTree = "<group>";
		};
/* End PBXGroup section */

/* Begin PBXHeadersBuildPhase section */
		D2AAC07A0554694100DB518D /* Headers */ = {
			isa = PBXHeadersBuildPhase;
			buildActionMask = 2147483647;
			files = (
				AA747D9F0F9514B9006C5449 /* ChaiOneUI_Prefix.pch in Headers */,
				293A1A391309786200E97454 /* CHSplashScreenViewController.h in Headers */,
				29044EDA131C60BE00426DCF /* CHLoginAlertViewController.h in Headers */,
				B5D5AFB21386BDD700288A92 /* CHTagSelectorView.h in Headers */,
				B5D5AFB61386BE9100288A92 /* CHTag.h in Headers */,
				8DB6F4D0139029FE00916F0E /* UILabel+CHAdditions.h in Headers */,
				8D5FE3461396F353008D5D9A /* CHAutocompleteSearchViewController.h in Headers */,
				8D5FE34B1396F3A2008D5D9A /* CHAutocompleteDelegate.h in Headers */,
			);
			runOnlyForDeploymentPostprocessing = 0;
		};
/* End PBXHeadersBuildPhase section */

/* Begin PBXNativeTarget section */
		D2AAC07D0554694100DB518D /* ChaiOneUI */ = {
			isa = PBXNativeTarget;
			buildConfigurationList = 1DEB921E08733DC00010E9CD /* Build configuration list for PBXNativeTarget "ChaiOneUI" */;
			buildPhases = (
				D2AAC07A0554694100DB518D /* Headers */,
				D2AAC07B0554694100DB518D /* Sources */,
				D2AAC07C0554694100DB518D /* Frameworks */,
				B5339EF013968214000AF245 /* ShellScript */,
			);
			buildRules = (
			);
			dependencies = (
				29044F10131C626F00426DCF /* PBXTargetDependency */,
			);
			name = ChaiOneUI;
			productName = ChaiOneUI;
			productReference = D2AAC07E0554694100DB518D /* libChaiOneUI.a */;
			productType = "com.apple.product-type.library.static";
		};
/* End PBXNativeTarget section */

/* Begin PBXProject section */
		0867D690FE84028FC02AAC07 /* Project object */ = {
			isa = PBXProject;
			buildConfigurationList = 1DEB922208733DC00010E9CD /* Build configuration list for PBXProject "ChaiOneUI" */;
			compatibilityVersion = "Xcode 3.1";
			developmentRegion = English;
			hasScannedForEncodings = 1;
			knownRegions = (
				English,
				Japanese,
				French,
				German,
			);
			mainGroup = 0867D691FE84028FC02AAC07 /* ChaiOneUI */;
			productRefGroup = 034768DFFF38A50411DB9C8B /* Products */;
			projectDirPath = "";
			projectReferences = (
				{
					ProductGroup = 29044F06131C625700426DCF /* Products */;
					ProjectRef = 29044F05131C625700426DCF /* ChaiOneUtils.xcodeproj */;
				},
			);
			projectRoot = "";
			targets = (
				D2AAC07D0554694100DB518D /* ChaiOneUI */,
			);
		};
/* End PBXProject section */

/* Begin PBXReferenceProxy section */
		29044F0D131C625700426DCF /* libChaiOneUtils.a */ = {
			isa = PBXReferenceProxy;
			fileType = archive.ar;
			path = libChaiOneUtils.a;
			remoteRef = 29044F0C131C625700426DCF /* PBXContainerItemProxy */;
			sourceTree = BUILT_PRODUCTS_DIR;
		};
/* End PBXReferenceProxy section */

/* Begin PBXShellScriptBuildPhase section */
		B5339EF013968214000AF245 /* ShellScript */ = {
			isa = PBXShellScriptBuildPhase;
			buildActionMask = 2147483647;
			files = (
			);
			inputPaths = (
			);
			outputPaths = (
			);
			runOnlyForDeploymentPostprocessing = 0;
			shellPath = /bin/sh;
			shellScript = "# Symlink build output to a common directory for easy referencing in other projects\nrm -rf \"$BUILD_DIR/current\"\nln -s \"$BUILT_PRODUCTS_DIR\" \"$BUILD_DIR/current\"\n\n# Copy headers to a shared location as well\nmkdir -p \"$BUILD_DIR/current/headers\"\nfor file in `find . -name \"*.h\"`; do cp $file \"$BUILD_DIR/current/headers/\"; done;";
		};
/* End PBXShellScriptBuildPhase section */

/* Begin PBXSourcesBuildPhase section */
		D2AAC07B0554694100DB518D /* Sources */ = {
			isa = PBXSourcesBuildPhase;
			buildActionMask = 2147483647;
			files = (
				293A1A3A1309786200E97454 /* CHSplashScreenViewController.m in Sources */,
				29044EDB131C60BE00426DCF /* CHLoginAlertViewController.m in Sources */,
				B5D5AFB31386BDD700288A92 /* CHTagSelectorView.m in Sources */,
				B5D5AFB71386BE9100288A92 /* CHTag.m in Sources */,
				8DB6F4D1139029FE00916F0E /* UILabel+CHAdditions.m in Sources */,
				8D5FE3471396F353008D5D9A /* CHAutocompleteSearchViewController.m in Sources */,
			);
			runOnlyForDeploymentPostprocessing = 0;
		};
/* End PBXSourcesBuildPhase section */

/* Begin PBXTargetDependency section */
		29044F10131C626F00426DCF /* PBXTargetDependency */ = {
			isa = PBXTargetDependency;
			name = ChaiOneUtils;
			targetProxy = 29044F0F131C626F00426DCF /* PBXContainerItemProxy */;
		};
/* End PBXTargetDependency section */

/* Begin XCBuildConfiguration section */
		1DEB921F08733DC00010E9CD /* Debug */ = {
			isa = XCBuildConfiguration;
			buildSettings = {
				ALWAYS_SEARCH_USER_PATHS = NO;
				ARCHS = "$(ARCHS_STANDARD_32_BIT)";
				COPY_PHASE_STRIP = NO;
				DSTROOT = /tmp/ChaiOneUI.dst;
				GCC_DYNAMIC_NO_PIC = NO;
				GCC_ENABLE_FIX_AND_CONTINUE = YES;
				GCC_MODEL_TUNING = G5;
				GCC_OPTIMIZATION_LEVEL = 0;
				GCC_PRECOMPILE_PREFIX_HEADER = YES;
				GCC_PREFIX_HEADER = ChaiOneUI_Prefix.pch;
				GCC_VERSION = com.apple.compilers.llvm.clang.1_0;
				HEADER_SEARCH_PATHS = "External/ChaiOneUtils/**";
				INSTALL_PATH = /usr/local/lib;
				OTHER_LDFLAGS = (
					"-all_load",
					"-ObjC",
				);
				PRODUCT_NAME = ChaiOneUI;
				SKIP_INSTALL = YES;
			};
			name = Debug;
		};
		1DEB922008733DC00010E9CD /* Release */ = {
			isa = XCBuildConfiguration;
			buildSettings = {
				ALWAYS_SEARCH_USER_PATHS = NO;
				ARCHS = "$(ARCHS_STANDARD_32_BIT)";
				DSTROOT = /tmp/ChaiOneUI.dst;
				GCC_MODEL_TUNING = G5;
				GCC_PRECOMPILE_PREFIX_HEADER = YES;
				GCC_PREFIX_HEADER = ChaiOneUI_Prefix.pch;
				GCC_VERSION = com.apple.compilers.llvm.clang.1_0;
				HEADER_SEARCH_PATHS = "External/ChaiOneUtils/**";
				INSTALL_PATH = /usr/local/lib;
				OTHER_LDFLAGS = (
					"-all_load",
					"-ObjC",
				);
				PRODUCT_NAME = ChaiOneUI;
				SKIP_INSTALL = YES;
			};
			name = Release;
		};
		1DEB922308733DC00010E9CD /* Debug */ = {
			isa = XCBuildConfiguration;
			buildSettings = {
				ARCHS = "$(ARCHS_STANDARD_32_BIT)";
				GCC_C_LANGUAGE_STANDARD = c99;
				GCC_OPTIMIZATION_LEVEL = 0;
				GCC_WARN_ABOUT_RETURN_TYPE = YES;
				GCC_WARN_UNUSED_VARIABLE = YES;
				IPHONEOS_DEPLOYMENT_TARGET = 3.1.3;
				OTHER_LDFLAGS = "-ObjC";
				PREBINDING = NO;
				SDKROOT = iphoneos;
			};
			name = Debug;
		};
		1DEB922408733DC00010E9CD /* Release */ = {
			isa = XCBuildConfiguration;
			buildSettings = {
				ARCHS = "$(ARCHS_STANDARD_32_BIT)";
				GCC_C_LANGUAGE_STANDARD = c99;
				GCC_WARN_ABOUT_RETURN_TYPE = YES;
				GCC_WARN_UNUSED_VARIABLE = YES;
				IPHONEOS_DEPLOYMENT_TARGET = 3.1.3;
				OTHER_LDFLAGS = "-ObjC";
				PREBINDING = NO;
				SDKROOT = iphoneos;
			};
			name = Release;
		};
/* End XCBuildConfiguration section */

/* Begin XCConfigurationList section */
		1DEB921E08733DC00010E9CD /* Build configuration list for PBXNativeTarget "ChaiOneUI" */ = {
			isa = XCConfigurationList;
			buildConfigurations = (
				1DEB921F08733DC00010E9CD /* Debug */,
				1DEB922008733DC00010E9CD /* Release */,
			);
			defaultConfigurationIsVisible = 0;
			defaultConfigurationName = Release;
		};
		1DEB922208733DC00010E9CD /* Build configuration list for PBXProject "ChaiOneUI" */ = {
			isa = XCConfigurationList;
			buildConfigurations = (
				1DEB922308733DC00010E9CD /* Debug */,
				1DEB922408733DC00010E9CD /* Release */,
			);
			defaultConfigurationIsVisible = 0;
			defaultConfigurationName = Release;
		};
/* End XCConfigurationList section */
	};
	rootObject = 0867D690FE84028FC02AAC07 /* Project object */;
}
