// !$*UTF8*$!
{
	archiveVersion = 1;
	classes = {
	};
	objectVersion = 46;
	objects = {

/* Begin PBXBuildFile section */
		29044EDA131C60BE00426DCF /* CHLoginAlertViewController.h in Headers */ = {isa = PBXBuildFile; fileRef = 29044ED8131C60BE00426DCF /* CHLoginAlertViewController.h */; settings = {ATTRIBUTES = (Public, ); }; };
		29044EDB131C60BE00426DCF /* CHLoginAlertViewController.m in Sources */ = {isa = PBXBuildFile; fileRef = 29044ED9131C60BE00426DCF /* CHLoginAlertViewController.m */; };
		29044EF0131C612900426DCF /* CFNetwork.framework in Frameworks */ = {isa = PBXBuildFile; fileRef = 29044EEF131C612900426DCF /* CFNetwork.framework */; };
		29044EF2131C613000426DCF /* CoreFoundation.framework in Frameworks */ = {isa = PBXBuildFile; fileRef = 29044EF1131C613000426DCF /* CoreFoundation.framework */; };
		29044F18131C62BF00426DCF /* UIKit.framework in Frameworks */ = {isa = PBXBuildFile; fileRef = 29044F17131C62BF00426DCF /* UIKit.framework */; };
		29044F1A131C62C700426DCF /* QuartzCore.framework in Frameworks */ = {isa = PBXBuildFile; fileRef = 29044F19131C62C700426DCF /* QuartzCore.framework */; };
		2918149B142E488000AC8BEB /* CHBarButtonItem.h in Headers */ = {isa = PBXBuildFile; fileRef = 29181499142E488000AC8BEB /* CHBarButtonItem.h */; };
		2918149C142E488000AC8BEB /* CHBarButtonItem.m in Sources */ = {isa = PBXBuildFile; fileRef = 2918149A142E488000AC8BEB /* CHBarButtonItem.m */; };
		292A237F13DF81C800D58B55 /* CHPickerViewSensitiveScrollView.h in Headers */ = {isa = PBXBuildFile; fileRef = 292A237D13DF81C800D58B55 /* CHPickerViewSensitiveScrollView.h */; };
		292A238013DF81C800D58B55 /* CHPickerViewSensitiveScrollView.m in Sources */ = {isa = PBXBuildFile; fileRef = 292A237E13DF81C800D58B55 /* CHPickerViewSensitiveScrollView.m */; };
		293A1A391309786200E97454 /* CHSplashScreenViewController.h in Headers */ = {isa = PBXBuildFile; fileRef = 293A1A371309786200E97454 /* CHSplashScreenViewController.h */; settings = {ATTRIBUTES = (Public, ); }; };
		293A1A3A1309786200E97454 /* CHSplashScreenViewController.m in Sources */ = {isa = PBXBuildFile; fileRef = 293A1A381309786200E97454 /* CHSplashScreenViewController.m */; };
		8D5FE3461396F353008D5D9A /* CHAutocompleteSearchViewController.h in Headers */ = {isa = PBXBuildFile; fileRef = 8D5FE3421396F353008D5D9A /* CHAutocompleteSearchViewController.h */; settings = {ATTRIBUTES = (Public, ); }; };
		8D5FE3471396F353008D5D9A /* CHAutocompleteSearchViewController.m in Sources */ = {isa = PBXBuildFile; fileRef = 8D5FE3431396F353008D5D9A /* CHAutocompleteSearchViewController.m */; };
		8D5FE34B1396F3A2008D5D9A /* CHAutocompleteDelegate.h in Headers */ = {isa = PBXBuildFile; fileRef = 8D5FE34A1396F3A2008D5D9A /* CHAutocompleteDelegate.h */; settings = {ATTRIBUTES = (Public, ); }; };
		8DB6F4D0139029FE00916F0E /* UILabel+CHAdditions.h in Headers */ = {isa = PBXBuildFile; fileRef = 8DB6F4CE139029FE00916F0E /* UILabel+CHAdditions.h */; settings = {ATTRIBUTES = (Public, ); }; };
		8DB6F4D1139029FE00916F0E /* UILabel+CHAdditions.m in Sources */ = {isa = PBXBuildFile; fileRef = 8DB6F4CF139029FE00916F0E /* UILabel+CHAdditions.m */; };
		AA747D9F0F9514B9006C5449 /* ChaiOneUI_Prefix.pch in Headers */ = {isa = PBXBuildFile; fileRef = AA747D9E0F9514B9006C5449 /* ChaiOneUI_Prefix.pch */; };
		AACBBE4A0F95108600F1A2B1 /* Foundation.framework in Frameworks */ = {isa = PBXBuildFile; fileRef = AACBBE490F95108600F1A2B1 /* Foundation.framework */; };
		B52F0D991430FA3F000595D4 /* CHButtonStrip.h in Headers */ = {isa = PBXBuildFile; fileRef = B52F0D971430FA3F000595D4 /* CHButtonStrip.h */; settings = {ATTRIBUTES = (Public, ); }; };
		B52F0D9A1430FA3F000595D4 /* CHButtonStrip.m in Sources */ = {isa = PBXBuildFile; fileRef = B52F0D981430FA3F000595D4 /* CHButtonStrip.m */; };
		B53A95F413A101D1002E4D00 /* CHStretchableImageSegmentedControl.h in Headers */ = {isa = PBXBuildFile; fileRef = B53A95F213A101D1002E4D00 /* CHStretchableImageSegmentedControl.h */; settings = {ATTRIBUTES = (Public, ); }; };
		B53A95F513A101D1002E4D00 /* CHStretchableImageSegmentedControl.m in Sources */ = {isa = PBXBuildFile; fileRef = B53A95F313A101D1002E4D00 /* CHStretchableImageSegmentedControl.m */; };
		B54068271419730800DFCE74 /* CHHTMLContentViewController.h in Headers */ = {isa = PBXBuildFile; fileRef = B54068251419730800DFCE74 /* CHHTMLContentViewController.h */; settings = {ATTRIBUTES = (Public, ); }; };
		B54068281419730800DFCE74 /* CHHTMLContentViewController.m in Sources */ = {isa = PBXBuildFile; fileRef = B54068261419730800DFCE74 /* CHHTMLContentViewController.m */; };
		B5510FF313E1CFF0009628B5 /* CHUIMacros.h in Headers */ = {isa = PBXBuildFile; fileRef = B5510FF113E1CF64009628B5 /* CHUIMacros.h */; settings = {ATTRIBUTES = (Public, ); }; };
		B555C4EB143A2A4D0011BCD3 /* UIButton+CHFlipButton.h in Headers */ = {isa = PBXBuildFile; fileRef = B555C4E9143A2A4D0011BCD3 /* UIButton+CHFlipButton.h */; settings = {ATTRIBUTES = (Public, ); }; };
		B555C4EC143A2A4D0011BCD3 /* UIButton+CHFlipButton.m in Sources */ = {isa = PBXBuildFile; fileRef = B555C4EA143A2A4D0011BCD3 /* UIButton+CHFlipButton.m */; };
		B559BCEF13A0224D00B22A74 /* CHSegmentedControl.h in Headers */ = {isa = PBXBuildFile; fileRef = B559BCED13A0224D00B22A74 /* CHSegmentedControl.h */; settings = {ATTRIBUTES = (Public, ); }; };
		B559BCF013A0224D00B22A74 /* CHSegmentedControl.m in Sources */ = {isa = PBXBuildFile; fileRef = B559BCEE13A0224D00B22A74 /* CHSegmentedControl.m */; };
		B55F8DC313D8F5C600A8F861 /* UIAlertView+CHSimpleAlerts.h in Headers */ = {isa = PBXBuildFile; fileRef = B55F8DC113D8F5C600A8F861 /* UIAlertView+CHSimpleAlerts.h */; settings = {ATTRIBUTES = (Public, ); }; };
		B55F8DC413D8F5C600A8F861 /* UIAlertView+CHSimpleAlerts.m in Sources */ = {isa = PBXBuildFile; fileRef = B55F8DC213D8F5C600A8F861 /* UIAlertView+CHSimpleAlerts.m */; };
		B58B120B13D9FF94000C1663 /* UITableView+CHAdditions.h in Headers */ = {isa = PBXBuildFile; fileRef = B58B120913D9FF94000C1663 /* UITableView+CHAdditions.h */; settings = {ATTRIBUTES = (Public, ); }; };
		B58B120C13D9FF94000C1663 /* UITableView+CHAdditions.m in Sources */ = {isa = PBXBuildFile; fileRef = B58B120A13D9FF94000C1663 /* UITableView+CHAdditions.m */; };
		D2AAC07E0554694100DB5190 /* UIView+CHRectManipulation.m in Sources */ = {isa = PBXBuildFile; fileRef = D2AAC07E0554694100DB518F /* UIView+CHRectManipulation.m */; };
		D2AAC07E0554694100DB5192 /* UIView+CHRectManipulation.h in Headers */ = {isa = PBXBuildFile; fileRef = D2AAC07E0554694100DB5191 /* UIView+CHRectManipulation.h */; settings = {ATTRIBUTES = (Public, ); }; };
/* End PBXBuildFile section */

/* Begin PBXFileReference section */
		29044ED8131C60BE00426DCF /* CHLoginAlertViewController.h */ = {isa = PBXFileReference; fileEncoding = 4; lastKnownFileType = sourcecode.c.h; path = CHLoginAlertViewController.h; sourceTree = "<group>"; };
		29044ED9131C60BE00426DCF /* CHLoginAlertViewController.m */ = {isa = PBXFileReference; fileEncoding = 4; lastKnownFileType = sourcecode.c.objc; path = CHLoginAlertViewController.m; sourceTree = "<group>"; };
		29044EEF131C612900426DCF /* CFNetwork.framework */ = {isa = PBXFileReference; lastKnownFileType = wrapper.framework; name = CFNetwork.framework; path = System/Library/Frameworks/CFNetwork.framework; sourceTree = SDKROOT; };
		29044EF1131C613000426DCF /* CoreFoundation.framework */ = {isa = PBXFileReference; lastKnownFileType = wrapper.framework; name = CoreFoundation.framework; path = System/Library/Frameworks/CoreFoundation.framework; sourceTree = SDKROOT; };
		29044F17131C62BF00426DCF /* UIKit.framework */ = {isa = PBXFileReference; lastKnownFileType = wrapper.framework; name = UIKit.framework; path = System/Library/Frameworks/UIKit.framework; sourceTree = SDKROOT; };
		29044F19131C62C700426DCF /* QuartzCore.framework */ = {isa = PBXFileReference; lastKnownFileType = wrapper.framework; name = QuartzCore.framework; path = System/Library/Frameworks/QuartzCore.framework; sourceTree = SDKROOT; };
		29181499142E488000AC8BEB /* CHBarButtonItem.h */ = {isa = PBXFileReference; fileEncoding = 4; lastKnownFileType = sourcecode.c.h; path = CHBarButtonItem.h; sourceTree = "<group>"; };
		2918149A142E488000AC8BEB /* CHBarButtonItem.m */ = {isa = PBXFileReference; fileEncoding = 4; lastKnownFileType = sourcecode.c.objc; path = CHBarButtonItem.m; sourceTree = "<group>"; };
		292A237D13DF81C800D58B55 /* CHPickerViewSensitiveScrollView.h */ = {isa = PBXFileReference; fileEncoding = 4; lastKnownFileType = sourcecode.c.h; path = CHPickerViewSensitiveScrollView.h; sourceTree = "<group>"; };
		292A237E13DF81C800D58B55 /* CHPickerViewSensitiveScrollView.m */ = {isa = PBXFileReference; fileEncoding = 4; lastKnownFileType = sourcecode.c.objc; path = CHPickerViewSensitiveScrollView.m; sourceTree = "<group>"; };
		293A1A371309786200E97454 /* CHSplashScreenViewController.h */ = {isa = PBXFileReference; fileEncoding = 4; lastKnownFileType = sourcecode.c.h; path = CHSplashScreenViewController.h; sourceTree = "<group>"; };
		293A1A381309786200E97454 /* CHSplashScreenViewController.m */ = {isa = PBXFileReference; fileEncoding = 4; lastKnownFileType = sourcecode.c.objc; path = CHSplashScreenViewController.m; sourceTree = "<group>"; };
		8D5FE3421396F353008D5D9A /* CHAutocompleteSearchViewController.h */ = {isa = PBXFileReference; fileEncoding = 4; lastKnownFileType = sourcecode.c.h; path = CHAutocompleteSearchViewController.h; sourceTree = "<group>"; };
		8D5FE3431396F353008D5D9A /* CHAutocompleteSearchViewController.m */ = {isa = PBXFileReference; fileEncoding = 4; lastKnownFileType = sourcecode.c.objc; path = CHAutocompleteSearchViewController.m; sourceTree = "<group>"; };
		8D5FE34A1396F3A2008D5D9A /* CHAutocompleteDelegate.h */ = {isa = PBXFileReference; fileEncoding = 4; lastKnownFileType = sourcecode.c.h; path = CHAutocompleteDelegate.h; sourceTree = "<group>"; };
		8DB6F4CE139029FE00916F0E /* UILabel+CHAdditions.h */ = {isa = PBXFileReference; fileEncoding = 4; lastKnownFileType = sourcecode.c.h; path = "UILabel+CHAdditions.h"; sourceTree = "<group>"; };
		8DB6F4CF139029FE00916F0E /* UILabel+CHAdditions.m */ = {isa = PBXFileReference; fileEncoding = 4; lastKnownFileType = sourcecode.c.objc; path = "UILabel+CHAdditions.m"; sourceTree = "<group>"; };
		AA747D9E0F9514B9006C5449 /* ChaiOneUI_Prefix.pch */ = {isa = PBXFileReference; fileEncoding = 4; lastKnownFileType = sourcecode.c.h; path = ChaiOneUI_Prefix.pch; sourceTree = SOURCE_ROOT; };
		AACBBE490F95108600F1A2B1 /* Foundation.framework */ = {isa = PBXFileReference; lastKnownFileType = wrapper.framework; name = Foundation.framework; path = System/Library/Frameworks/Foundation.framework; sourceTree = SDKROOT; };
		B52F0D971430FA3F000595D4 /* CHButtonStrip.h */ = {isa = PBXFileReference; fileEncoding = 4; lastKnownFileType = sourcecode.c.h; path = CHButtonStrip.h; sourceTree = "<group>"; };
		B52F0D981430FA3F000595D4 /* CHButtonStrip.m */ = {isa = PBXFileReference; fileEncoding = 4; lastKnownFileType = sourcecode.c.objc; path = CHButtonStrip.m; sourceTree = "<group>"; };
		B53A95F213A101D1002E4D00 /* CHStretchableImageSegmentedControl.h */ = {isa = PBXFileReference; fileEncoding = 4; lastKnownFileType = sourcecode.c.h; path = CHStretchableImageSegmentedControl.h; sourceTree = "<group>"; };
		B53A95F313A101D1002E4D00 /* CHStretchableImageSegmentedControl.m */ = {isa = PBXFileReference; fileEncoding = 4; lastKnownFileType = sourcecode.c.objc; path = CHStretchableImageSegmentedControl.m; sourceTree = "<group>"; };
		B54068251419730800DFCE74 /* CHHTMLContentViewController.h */ = {isa = PBXFileReference; fileEncoding = 4; lastKnownFileType = sourcecode.c.h; path = CHHTMLContentViewController.h; sourceTree = "<group>"; };
		B54068261419730800DFCE74 /* CHHTMLContentViewController.m */ = {isa = PBXFileReference; fileEncoding = 4; lastKnownFileType = sourcecode.c.objc; path = CHHTMLContentViewController.m; sourceTree = "<group>"; };
		B5510FF113E1CF64009628B5 /* CHUIMacros.h */ = {isa = PBXFileReference; fileEncoding = 4; lastKnownFileType = sourcecode.c.h; path = CHUIMacros.h; sourceTree = "<group>"; };
		B555C4E9143A2A4D0011BCD3 /* UIButton+CHFlipButton.h */ = {isa = PBXFileReference; fileEncoding = 4; lastKnownFileType = sourcecode.c.h; path = "UIButton+CHFlipButton.h"; sourceTree = "<group>"; };
		B555C4EA143A2A4D0011BCD3 /* UIButton+CHFlipButton.m */ = {isa = PBXFileReference; fileEncoding = 4; lastKnownFileType = sourcecode.c.objc; path = "UIButton+CHFlipButton.m"; sourceTree = "<group>"; };
		B559BCED13A0224D00B22A74 /* CHSegmentedControl.h */ = {isa = PBXFileReference; fileEncoding = 4; lastKnownFileType = sourcecode.c.h; path = CHSegmentedControl.h; sourceTree = "<group>"; };
		B559BCEE13A0224D00B22A74 /* CHSegmentedControl.m */ = {isa = PBXFileReference; fileEncoding = 4; lastKnownFileType = sourcecode.c.objc; path = CHSegmentedControl.m; sourceTree = "<group>"; };
		B55F8DC113D8F5C600A8F861 /* UIAlertView+CHSimpleAlerts.h */ = {isa = PBXFileReference; fileEncoding = 4; lastKnownFileType = sourcecode.c.h; path = "UIAlertView+CHSimpleAlerts.h"; sourceTree = "<group>"; };
		B55F8DC213D8F5C600A8F861 /* UIAlertView+CHSimpleAlerts.m */ = {isa = PBXFileReference; fileEncoding = 4; lastKnownFileType = sourcecode.c.objc; path = "UIAlertView+CHSimpleAlerts.m"; sourceTree = "<group>"; };
		B58B120913D9FF94000C1663 /* UITableView+CHAdditions.h */ = {isa = PBXFileReference; fileEncoding = 4; lastKnownFileType = sourcecode.c.h; name = "UITableView+CHAdditions.h"; path = "../../../UITableView+CHAdditions.h"; sourceTree = "<group>"; };
		B58B120A13D9FF94000C1663 /* UITableView+CHAdditions.m */ = {isa = PBXFileReference; fileEncoding = 4; lastKnownFileType = sourcecode.c.objc; name = "UITableView+CHAdditions.m"; path = "../../../UITableView+CHAdditions.m"; sourceTree = "<group>"; };
		D2AAC07E0554694100DB518D /* libChaiOneUI.a */ = {isa = PBXFileReference; explicitFileType = archive.ar; includeInIndex = 0; path = libChaiOneUI.a; sourceTree = BUILT_PRODUCTS_DIR; };
		D2AAC07E0554694100DB518F /* UIView+CHRectManipulation.m */ = {isa = PBXFileReference; lastKnownFileType = sourcecode.c.objc; path = "UIView+CHRectManipulation.m"; sourceTree = "<group>"; };
		D2AAC07E0554694100DB5191 /* UIView+CHRectManipulation.h */ = {isa = PBXFileReference; lastKnownFileType = sourcecode.c.h; path = "UIView+CHRectManipulation.h"; sourceTree = "<group>"; };
/* End PBXFileReference section */

/* Begin PBXFrameworksBuildPhase section */
		D2AAC07C0554694100DB518D /* Frameworks */ = {
			isa = PBXFrameworksBuildPhase;
			buildActionMask = 2147483647;
			files = (
				AACBBE4A0F95108600F1A2B1 /* Foundation.framework in Frameworks */,
				29044EF0131C612900426DCF /* CFNetwork.framework in Frameworks */,
				29044EF2131C613000426DCF /* CoreFoundation.framework in Frameworks */,
				29044F18131C62BF00426DCF /* UIKit.framework in Frameworks */,
				29044F1A131C62C700426DCF /* QuartzCore.framework in Frameworks */,
			);
			runOnlyForDeploymentPostprocessing = 0;
		};
/* End PBXFrameworksBuildPhase section */

/* Begin PBXGroup section */
		034768DFFF38A50411DB9C8B /* Products */ = {
			isa = PBXGroup;
			children = (
				D2AAC07E0554694100DB518D /* libChaiOneUI.a */,
			);
			name = Products;
			sourceTree = "<group>";
		};
		0867D691FE84028FC02AAC07 /* ChaiOneUI */ = {
			isa = PBXGroup;
			children = (
				8DB6F4CB139029A200916F0E /* Categories */,
				B5510FEF13E1CF47009628B5 /* Macros */,
				08FB77AEFE84172EC02AAC07 /* Classes */,
				32C88DFF0371C24200C91783 /* Other Sources */,
				0867D69AFE84028FC02AAC07 /* Frameworks */,
				034768DFFF38A50411DB9C8B /* Products */,
			);
			name = ChaiOneUI;
			sourceTree = "<group>";
		};
		0867D69AFE84028FC02AAC07 /* Frameworks */ = {
			isa = PBXGroup;
			children = (
				AACBBE490F95108600F1A2B1 /* Foundation.framework */,
				29044EEF131C612900426DCF /* CFNetwork.framework */,
				29044EF1131C613000426DCF /* CoreFoundation.framework */,
				29044F17131C62BF00426DCF /* UIKit.framework */,
				29044F19131C62C700426DCF /* QuartzCore.framework */,
			);
			name = Frameworks;
			sourceTree = "<group>";
		};
		08FB77AEFE84172EC02AAC07 /* Classes */ = {
			isa = PBXGroup;
			children = (
				B52F0D961430FA0E000595D4 /* CHButtonStrip */,
				29181498142E484C00AC8BEB /* CHBarButtonItem */,
				B5406823141972BD00DFCE74 /* CHHTMLContentViewController */,
				299E008E13DF7FF3006E7326 /* CHPickerViewSensitiveScrollView */,
				B559BCEC13A0223400B22A74 /* CHSegmentedControl */,
				8D5FE3381396F315008D5D9A /* CHAutocompleteViewController */,
				29044ED7131C60BE00426DCF /* CHLoginAlertViewController */,
				293A1A361309781600E97454 /* CHSplashScreenViewController */,
			);
			name = Classes;
			sourceTree = "<group>";
		};
		29044ED7131C60BE00426DCF /* CHLoginAlertViewController */ = {
			isa = PBXGroup;
			children = (
				29044ED8131C60BE00426DCF /* CHLoginAlertViewController.h */,
				29044ED9131C60BE00426DCF /* CHLoginAlertViewController.m */,
			);
			path = CHLoginAlertViewController;
			sourceTree = "<group>";
		};
		29181498142E484C00AC8BEB /* CHBarButtonItem */ = {
			isa = PBXGroup;
			children = (
				29181499142E488000AC8BEB /* CHBarButtonItem.h */,
				2918149A142E488000AC8BEB /* CHBarButtonItem.m */,
			);
			name = CHBarButtonItem;
			sourceTree = "<group>";
		};
		293A1A361309781600E97454 /* CHSplashScreenViewController */ = {
			isa = PBXGroup;
			children = (
				293A1A371309786200E97454 /* CHSplashScreenViewController.h */,
				293A1A381309786200E97454 /* CHSplashScreenViewController.m */,
			);
			name = CHSplashScreenViewController;
			path = SplashScreenViewController;
			sourceTree = "<group>";
		};
		299E008E13DF7FF3006E7326 /* CHPickerViewSensitiveScrollView */ = {
			isa = PBXGroup;
			children = (
				292A237D13DF81C800D58B55 /* CHPickerViewSensitiveScrollView.h */,
				292A237E13DF81C800D58B55 /* CHPickerViewSensitiveScrollView.m */,
			);
			name = CHPickerViewSensitiveScrollView;
			sourceTree = "<group>";
		};
		32C88DFF0371C24200C91783 /* Other Sources */ = {
			isa = PBXGroup;
			children = (
				AA747D9E0F9514B9006C5449 /* ChaiOneUI_Prefix.pch */,
			);
			name = "Other Sources";
			sourceTree = "<group>";
		};
		8D5FE3381396F315008D5D9A /* CHAutocompleteViewController */ = {
			isa = PBXGroup;
			children = (
				8D5FE34A1396F3A2008D5D9A /* CHAutocompleteDelegate.h */,
				8D5FE3421396F353008D5D9A /* CHAutocompleteSearchViewController.h */,
				8D5FE3431396F353008D5D9A /* CHAutocompleteSearchViewController.m */,
			);
			name = CHAutocompleteViewController;
			sourceTree = "<group>";
		};
		8DB6F4CB139029A200916F0E /* Categories */ = {
			isa = PBXGroup;
			children = (
				B58B120813D9FF94000C1663 /* UITableView */,
				B55F8DBF13D8F5AF00A8F861 /* UIAlertView */,
				8DB6F4CD139029AA00916F0E /* UILabel */,
				D2AAC07E0554694100DB518E /* UIView */,
				B555C4E9143A2A4D0011BCD3 /* UIButton+CHFlipButton.h */,
				B555C4EA143A2A4D0011BCD3 /* UIButton+CHFlipButton.m */,
			);
			name = Categories;
			sourceTree = "<group>";
		};
		8DB6F4CD139029AA00916F0E /* UILabel */ = {
			isa = PBXGroup;
			children = (
				8DB6F4CE139029FE00916F0E /* UILabel+CHAdditions.h */,
				8DB6F4CF139029FE00916F0E /* UILabel+CHAdditions.m */,
			);
			name = UILabel;
			sourceTree = "<group>";
		};
		B52F0D961430FA0E000595D4 /* CHButtonStrip */ = {
			isa = PBXGroup;
			children = (
				B52F0D971430FA3F000595D4 /* CHButtonStrip.h */,
				B52F0D981430FA3F000595D4 /* CHButtonStrip.m */,
			);
			name = CHButtonStrip;
			sourceTree = "<group>";
		};
		B5406823141972BD00DFCE74 /* CHHTMLContentViewController */ = {
			isa = PBXGroup;
			children = (
				B54068251419730800DFCE74 /* CHHTMLContentViewController.h */,
				B54068261419730800DFCE74 /* CHHTMLContentViewController.m */,
			);
			name = CHHTMLContentViewController;
			sourceTree = "<group>";
		};
		B5510FEF13E1CF47009628B5 /* Macros */ = {
			isa = PBXGroup;
			children = (
				B5510FF113E1CF64009628B5 /* CHUIMacros.h */,
			);
			name = Macros;
			sourceTree = "<group>";
		};
		B559BCEC13A0223400B22A74 /* CHSegmentedControl */ = {
			isa = PBXGroup;
			children = (
				B559BCED13A0224D00B22A74 /* CHSegmentedControl.h */,
				B559BCEE13A0224D00B22A74 /* CHSegmentedControl.m */,
				B53A95F213A101D1002E4D00 /* CHStretchableImageSegmentedControl.h */,
				B53A95F313A101D1002E4D00 /* CHStretchableImageSegmentedControl.m */,
			);
			name = CHSegmentedControl;
			sourceTree = "<group>";
		};
		B55F8DBF13D8F5AF00A8F861 /* UIAlertView */ = {
			isa = PBXGroup;
			children = (
				B55F8DC113D8F5C600A8F861 /* UIAlertView+CHSimpleAlerts.h */,
				B55F8DC213D8F5C600A8F861 /* UIAlertView+CHSimpleAlerts.m */,
			);
			name = UIAlertView;
			sourceTree = "<group>";
		};
		B58B120813D9FF94000C1663 /* UITableView */ = {
			isa = PBXGroup;
			children = (
				B58B120913D9FF94000C1663 /* UITableView+CHAdditions.h */,
				B58B120A13D9FF94000C1663 /* UITableView+CHAdditions.m */,
			);
			name = UITableView;
			path = External/ChaiOneUtils/Categories;
			sourceTree = "<group>";
		};
		D2AAC07E0554694100DB518E /* UIView */ = {
			isa = PBXGroup;
			children = (
				D2AAC07E0554694100DB5191 /* UIView+CHRectManipulation.h */,
				D2AAC07E0554694100DB518F /* UIView+CHRectManipulation.m */,
			);
			name = UIView;
			sourceTree = "<group>";
		};
/* End PBXGroup section */

/* Begin PBXHeadersBuildPhase section */
		D2AAC07A0554694100DB518D /* Headers */ = {
			isa = PBXHeadersBuildPhase;
			buildActionMask = 2147483647;
			files = (
				293A1A391309786200E97454 /* CHSplashScreenViewController.h in Headers */,
				29044EDA131C60BE00426DCF /* CHLoginAlertViewController.h in Headers */,
				8DB6F4D0139029FE00916F0E /* UILabel+CHAdditions.h in Headers */,
				B5510FF313E1CFF0009628B5 /* CHUIMacros.h in Headers */,
				8D5FE3461396F353008D5D9A /* CHAutocompleteSearchViewController.h in Headers */,
				B54068271419730800DFCE74 /* CHHTMLContentViewController.h in Headers */,
				8D5FE34B1396F3A2008D5D9A /* CHAutocompleteDelegate.h in Headers */,
				B559BCEF13A0224D00B22A74 /* CHSegmentedControl.h in Headers */,
				B53A95F413A101D1002E4D00 /* CHStretchableImageSegmentedControl.h in Headers */,
				B55F8DC313D8F5C600A8F861 /* UIAlertView+CHSimpleAlerts.h in Headers */,
				B58B120B13D9FF94000C1663 /* UITableView+CHAdditions.h in Headers */,
				B52F0D991430FA3F000595D4 /* CHButtonStrip.h in Headers */,
				B555C4EB143A2A4D0011BCD3 /* UIButton+CHFlipButton.h in Headers */,
				D2AAC07E0554694100DB5192 /* UIView+CHRectManipulation.h in Headers */,
				AA747D9F0F9514B9006C5449 /* ChaiOneUI_Prefix.pch in Headers */,
				292A237F13DF81C800D58B55 /* CHPickerViewSensitiveScrollView.h in Headers */,
				2918149B142E488000AC8BEB /* CHBarButtonItem.h in Headers */,
			);
			runOnlyForDeploymentPostprocessing = 0;
		};
/* End PBXHeadersBuildPhase section */

/* Begin PBXNativeTarget section */
		D2AAC07D0554694100DB518D /* ChaiOneUI */ = {
			isa = PBXNativeTarget;
			buildConfigurationList = 1DEB921E08733DC00010E9CD /* Build configuration list for PBXNativeTarget "ChaiOneUI" */;
			buildPhases = (
				D2AAC07A0554694100DB518D /* Headers */,
				D2AAC07B0554694100DB518D /* Sources */,
				D2AAC07C0554694100DB518D /* Frameworks */,
			);
			buildRules = (
			);
			dependencies = (
			);
			name = ChaiOneUI;
			productName = ChaiOneUI;
			productReference = D2AAC07E0554694100DB518D /* libChaiOneUI.a */;
			productType = "com.apple.product-type.library.static";
		};
/* End PBXNativeTarget section */

/* Begin PBXProject section */
		0867D690FE84028FC02AAC07 /* Project object */ = {
			isa = PBXProject;
			attributes = {
				LastUpgradeCheck = 0420;
			};
			buildConfigurationList = 1DEB922208733DC00010E9CD /* Build configuration list for PBXProject "ChaiOneUI" */;
			compatibilityVersion = "Xcode 3.2";
			developmentRegion = English;
			hasScannedForEncodings = 1;
			knownRegions = (
				English,
				Japanese,
				French,
				German,
			);
			mainGroup = 0867D691FE84028FC02AAC07 /* ChaiOneUI */;
			productRefGroup = 034768DFFF38A50411DB9C8B /* Products */;
			projectDirPath = "";
			projectRoot = "";
			targets = (
				D2AAC07D0554694100DB518D /* ChaiOneUI */,
			);
		};
/* End PBXProject section */

/* Begin PBXSourcesBuildPhase section */
		D2AAC07B0554694100DB518D /* Sources */ = {
			isa = PBXSourcesBuildPhase;
			buildActionMask = 2147483647;
			files = (
				293A1A3A1309786200E97454 /* CHSplashScreenViewController.m in Sources */,
				29044EDB131C60BE00426DCF /* CHLoginAlertViewController.m in Sources */,
				8DB6F4D1139029FE00916F0E /* UILabel+CHAdditions.m in Sources */,
				8D5FE3471396F353008D5D9A /* CHAutocompleteSearchViewController.m in Sources */,
				B559BCF013A0224D00B22A74 /* CHSegmentedControl.m in Sources */,
				B53A95F513A101D1002E4D00 /* CHStretchableImageSegmentedControl.m in Sources */,
				B55F8DC413D8F5C600A8F861 /* UIAlertView+CHSimpleAlerts.m in Sources */,
				B58B120C13D9FF94000C1663 /* UITableView+CHAdditions.m in Sources */,
				292A238013DF81C800D58B55 /* CHPickerViewSensitiveScrollView.m in Sources */,
				B54068281419730800DFCE74 /* CHHTMLContentViewController.m in Sources */,
				B52F0D9A1430FA3F000595D4 /* CHButtonStrip.m in Sources */,
				D2AAC07E0554694100DB5190 /* UIView+CHRectManipulation.m in Sources */,
				2918149C142E488000AC8BEB /* CHBarButtonItem.m in Sources */,
				B555C4EC143A2A4D0011BCD3 /* UIButton+CHFlipButton.m in Sources */,
			);
			runOnlyForDeploymentPostprocessing = 0;
		};
/* End PBXSourcesBuildPhase section */

/* Begin XCBuildConfiguration section */
		1DEB921F08733DC00010E9CD /* Debug */ = {
			isa = XCBuildConfiguration;
			buildSettings = {
				ALWAYS_SEARCH_USER_PATHS = NO;
				ARCHS = (
					armv6,
					armv7,
				);
				COPY_PHASE_STRIP = NO;
				DSTROOT = /tmp/ChaiOneUI.dst;
				GCC_DYNAMIC_NO_PIC = NO;
				GCC_MODEL_TUNING = G5;
				GCC_OPTIMIZATION_LEVEL = 0;
				GCC_PRECOMPILE_PREFIX_HEADER = YES;
				GCC_PREFIX_HEADER = ChaiOneUI_Prefix.pch;
				GCC_VERSION = com.apple.compilers.llvm.clang.1_0;
				HEADER_SEARCH_PATHS = "External/ChaiOneUtils/**";
				INSTALL_PATH = /usr/local/lib;
				OTHER_LDFLAGS = (
					"-all_load",
					"-ObjC",
				);
				PRODUCT_NAME = ChaiOneUI;
				PUBLIC_HEADERS_FOLDER_PATH = Headers;
				SKIP_INSTALL = YES;
			};
			name = Debug;
		};
		1DEB922008733DC00010E9CD /* Release */ = {
			isa = XCBuildConfiguration;
			buildSettings = {
				ALWAYS_SEARCH_USER_PATHS = NO;
				ARCHS = (
					armv6,
					armv7,
				);
				DSTROOT = /tmp/ChaiOneUI.dst;
				GCC_MODEL_TUNING = G5;
				GCC_PRECOMPILE_PREFIX_HEADER = YES;
				GCC_PREFIX_HEADER = ChaiOneUI_Prefix.pch;
				GCC_VERSION = com.apple.compilers.llvm.clang.1_0;
				HEADER_SEARCH_PATHS = "External/ChaiOneUtils/**";
				INSTALL_PATH = /usr/local/lib;
				OTHER_LDFLAGS = (
					"-all_load",
					"-ObjC",
				);
				PRODUCT_NAME = ChaiOneUI;
				PUBLIC_HEADERS_FOLDER_PATH = Headers;
				SKIP_INSTALL = YES;
			};
			name = Release;
		};
		1DEB922308733DC00010E9CD /* Debug */ = {
			isa = XCBuildConfiguration;
			buildSettings = {
				ARCHS = "$(ARCHS_STANDARD_32_BIT)";
				GCC_C_LANGUAGE_STANDARD = c99;
				GCC_OPTIMIZATION_LEVEL = 0;
				GCC_WARN_ABOUT_RETURN_TYPE = YES;
				GCC_WARN_UNUSED_VARIABLE = YES;
				IPHONEOS_DEPLOYMENT_TARGET = 3.1.3;
				OTHER_LDFLAGS = "-ObjC";
				SDKROOT = iphoneos;
			};
			name = Debug;
		};
		1DEB922408733DC00010E9CD /* Release */ = {
			isa = XCBuildConfiguration;
			buildSettings = {
				ARCHS = "$(ARCHS_STANDARD_32_BIT)";
				GCC_C_LANGUAGE_STANDARD = c99;
				GCC_WARN_ABOUT_RETURN_TYPE = YES;
				GCC_WARN_UNUSED_VARIABLE = YES;
				IPHONEOS_DEPLOYMENT_TARGET = 3.1.3;
				OTHER_LDFLAGS = "-ObjC";
				SDKROOT = iphoneos;
			};
			name = Release;
		};
/* End XCBuildConfiguration section */

/* Begin XCConfigurationList section */
		1DEB921E08733DC00010E9CD /* Build configuration list for PBXNativeTarget "ChaiOneUI" */ = {
			isa = XCConfigurationList;
			buildConfigurations = (
				1DEB921F08733DC00010E9CD /* Debug */,
				1DEB922008733DC00010E9CD /* Release */,
			);
			defaultConfigurationIsVisible = 0;
			defaultConfigurationName = Release;
		};
		1DEB922208733DC00010E9CD /* Build configuration list for PBXProject "ChaiOneUI" */ = {
			isa = XCConfigurationList;
			buildConfigurations = (
				1DEB922308733DC00010E9CD /* Debug */,
				1DEB922408733DC00010E9CD /* Release */,
			);
			defaultConfigurationIsVisible = 0;
			defaultConfigurationName = Release;
		};
/* End XCConfigurationList section */
	};
	rootObject = 0867D690FE84028FC02AAC07 /* Project object */;
}
