// !$*UTF8*$!
{
	archiveVersion = 1;
	classes = {
	};
	objectVersion = 46;
	objects = {

/* Begin PBXBuildFile section */
		29044EF0131C612900426DCF /* CFNetwork.framework in Frameworks */ = {isa = PBXBuildFile; fileRef = 29044EEF131C612900426DCF /* CFNetwork.framework */; };
		29044EF2131C613000426DCF /* CoreFoundation.framework in Frameworks */ = {isa = PBXBuildFile; fileRef = 29044EF1131C613000426DCF /* CoreFoundation.framework */; };
		29044F18131C62BF00426DCF /* UIKit.framework in Frameworks */ = {isa = PBXBuildFile; fileRef = 29044F17131C62BF00426DCF /* UIKit.framework */; };
		29044F1A131C62C700426DCF /* QuartzCore.framework in Frameworks */ = {isa = PBXBuildFile; fileRef = 29044F19131C62C700426DCF /* QuartzCore.framework */; };
		AA747D9F0F9514B9006C5449 /* ChaiOneUI_Prefix.pch in Headers */ = {isa = PBXBuildFile; fileRef = AA747D9E0F9514B9006C5449 /* ChaiOneUI_Prefix.pch */; };
		AACBBE4A0F95108600F1A2B1 /* Foundation.framework in Frameworks */ = {isa = PBXBuildFile; fileRef = AACBBE490F95108600F1A2B1 /* Foundation.framework */; };
		B53B85D314F7340A000C2401 /* UITableView+CHAdditions.h in Headers */ = {isa = PBXBuildFile; fileRef = B53B85D114F7340A000C2401 /* UITableView+CHAdditions.h */; settings = {ATTRIBUTES = (Public, ); }; };
		B53B85D414F7340A000C2401 /* UITableView+CHAdditions.m in Sources */ = {isa = PBXBuildFile; fileRef = B53B85D214F7340A000C2401 /* UITableView+CHAdditions.m */; };
		B53B85D814F73431000C2401 /* CHUIMacros.h in Headers */ = {isa = PBXBuildFile; fileRef = B53B85D714F73431000C2401 /* CHUIMacros.h */; settings = {ATTRIBUTES = (Public, ); }; };
		B53B85F014F73444000C2401 /* CHAlertView.h in Headers */ = {isa = PBXBuildFile; fileRef = B53B85D914F73444000C2401 /* CHAlertView.h */; settings = {ATTRIBUTES = (Public, ); }; };
		B53B85F114F73444000C2401 /* CHAlertView.m in Sources */ = {isa = PBXBuildFile; fileRef = B53B85DA14F73444000C2401 /* CHAlertView.m */; };
		B53B85F214F73444000C2401 /* CHAutocompleteDelegate.h in Headers */ = {isa = PBXBuildFile; fileRef = B53B85DB14F73444000C2401 /* CHAutocompleteDelegate.h */; settings = {ATTRIBUTES = (Public, ); }; };
		B53B85F314F73444000C2401 /* CHAutocompleteSearchViewController.h in Headers */ = {isa = PBXBuildFile; fileRef = B53B85DC14F73444000C2401 /* CHAutocompleteSearchViewController.h */; settings = {ATTRIBUTES = (Public, ); }; };
		B53B85F414F73444000C2401 /* CHAutocompleteSearchViewController.m in Sources */ = {isa = PBXBuildFile; fileRef = B53B85DD14F73444000C2401 /* CHAutocompleteSearchViewController.m */; };
		B53B85F514F73444000C2401 /* CHBarButtonItem.h in Headers */ = {isa = PBXBuildFile; fileRef = B53B85DE14F73444000C2401 /* CHBarButtonItem.h */; settings = {ATTRIBUTES = (Public, ); }; };
		B53B85F614F73444000C2401 /* CHBarButtonItem.m in Sources */ = {isa = PBXBuildFile; fileRef = B53B85DF14F73444000C2401 /* CHBarButtonItem.m */; };
		B53B85F714F73444000C2401 /* CHButtonStrip.h in Headers */ = {isa = PBXBuildFile; fileRef = B53B85E014F73444000C2401 /* CHButtonStrip.h */; settings = {ATTRIBUTES = (Public, ); }; };
		B53B85F814F73444000C2401 /* CHButtonStrip.m in Sources */ = {isa = PBXBuildFile; fileRef = B53B85E114F73444000C2401 /* CHButtonStrip.m */; };
		B53B85F914F73444000C2401 /* CHHTMLContentViewController.h in Headers */ = {isa = PBXBuildFile; fileRef = B53B85E214F73444000C2401 /* CHHTMLContentViewController.h */; settings = {ATTRIBUTES = (Public, ); }; };
		B53B85FA14F73444000C2401 /* CHHTMLContentViewController.m in Sources */ = {isa = PBXBuildFile; fileRef = B53B85E314F73444000C2401 /* CHHTMLContentViewController.m */; };
		B53B85FB14F73444000C2401 /* CHLoginAlertViewController.h in Headers */ = {isa = PBXBuildFile; fileRef = B53B85E414F73444000C2401 /* CHLoginAlertViewController.h */; settings = {ATTRIBUTES = (Public, ); }; };
		B53B85FC14F73444000C2401 /* CHLoginAlertViewController.m in Sources */ = {isa = PBXBuildFile; fileRef = B53B85E514F73444000C2401 /* CHLoginAlertViewController.m */; };
		B53B85FD14F73444000C2401 /* CHModalPickerView.h in Headers */ = {isa = PBXBuildFile; fileRef = B53B85E614F73444000C2401 /* CHModalPickerView.h */; settings = {ATTRIBUTES = (Public, ); }; };
		B53B85FE14F73444000C2401 /* CHModalPickerView.m in Sources */ = {isa = PBXBuildFile; fileRef = B53B85E714F73444000C2401 /* CHModalPickerView.m */; };
		B53B85FF14F73444000C2401 /* CHPickerViewSensitiveScrollView.h in Headers */ = {isa = PBXBuildFile; fileRef = B53B85E814F73444000C2401 /* CHPickerViewSensitiveScrollView.h */; settings = {ATTRIBUTES = (Public, ); }; };
		B53B860014F73444000C2401 /* CHPickerViewSensitiveScrollView.m in Sources */ = {isa = PBXBuildFile; fileRef = B53B85E914F73444000C2401 /* CHPickerViewSensitiveScrollView.m */; };
		B53B860114F73444000C2401 /* CHSegmentedControl.h in Headers */ = {isa = PBXBuildFile; fileRef = B53B85EA14F73444000C2401 /* CHSegmentedControl.h */; settings = {ATTRIBUTES = (Public, ); }; };
		B53B860214F73444000C2401 /* CHSegmentedControl.m in Sources */ = {isa = PBXBuildFile; fileRef = B53B85EB14F73444000C2401 /* CHSegmentedControl.m */; };
		B53B860314F73444000C2401 /* CHSplashScreenViewController.h in Headers */ = {isa = PBXBuildFile; fileRef = B53B85EC14F73444000C2401 /* CHSplashScreenViewController.h */; settings = {ATTRIBUTES = (Public, ); }; };
		B53B860414F73444000C2401 /* CHSplashScreenViewController.m in Sources */ = {isa = PBXBuildFile; fileRef = B53B85ED14F73444000C2401 /* CHSplashScreenViewController.m */; };
		B53B860514F73444000C2401 /* CHStretchableImageSegmentedControl.h in Headers */ = {isa = PBXBuildFile; fileRef = B53B85EE14F73444000C2401 /* CHStretchableImageSegmentedControl.h */; settings = {ATTRIBUTES = (Public, ); }; };
		B53B860614F73444000C2401 /* CHStretchableImageSegmentedControl.m in Sources */ = {isa = PBXBuildFile; fileRef = B53B85EF14F73444000C2401 /* CHStretchableImageSegmentedControl.m */; };
		B53B860B14F734BA000C2401 /* UIButton+CHFlipButton.h in Headers */ = {isa = PBXBuildFile; fileRef = B53B860714F734BA000C2401 /* UIButton+CHFlipButton.h */; settings = {ATTRIBUTES = (Public, ); }; };
		B53B860C14F734BA000C2401 /* UIButton+CHFlipButton.m in Sources */ = {isa = PBXBuildFile; fileRef = B53B860814F734BA000C2401 /* UIButton+CHFlipButton.m */; };
		B53B860D14F734BA000C2401 /* UIDevice+CHUniqueIdentifier.h in Headers */ = {isa = PBXBuildFile; fileRef = B53B860914F734BA000C2401 /* UIDevice+CHUniqueIdentifier.h */; settings = {ATTRIBUTES = (Public, ); }; };
		B53B860E14F734BA000C2401 /* UIDevice+CHUniqueIdentifier.m in Sources */ = {isa = PBXBuildFile; fileRef = B53B860A14F734BA000C2401 /* UIDevice+CHUniqueIdentifier.m */; };
		B5B36CCC14F737EC00B73438 /* ChaiOneUI.h in Headers */ = {isa = PBXBuildFile; fileRef = B5B36CCB14F737EC00B73438 /* ChaiOneUI.h */; settings = {ATTRIBUTES = (Public, ); }; };
/* End PBXBuildFile section */

/* Begin PBXFileReference section */
		29044EEF131C612900426DCF /* CFNetwork.framework */ = {isa = PBXFileReference; lastKnownFileType = wrapper.framework; name = CFNetwork.framework; path = System/Library/Frameworks/CFNetwork.framework; sourceTree = SDKROOT; };
		29044EF1131C613000426DCF /* CoreFoundation.framework */ = {isa = PBXFileReference; lastKnownFileType = wrapper.framework; name = CoreFoundation.framework; path = System/Library/Frameworks/CoreFoundation.framework; sourceTree = SDKROOT; };
		29044F17131C62BF00426DCF /* UIKit.framework */ = {isa = PBXFileReference; lastKnownFileType = wrapper.framework; name = UIKit.framework; path = System/Library/Frameworks/UIKit.framework; sourceTree = SDKROOT; };
		29044F19131C62C700426DCF /* QuartzCore.framework */ = {isa = PBXFileReference; lastKnownFileType = wrapper.framework; name = QuartzCore.framework; path = System/Library/Frameworks/QuartzCore.framework; sourceTree = SDKROOT; };
		AA747D9E0F9514B9006C5449 /* ChaiOneUI_Prefix.pch */ = {isa = PBXFileReference; fileEncoding = 4; lastKnownFileType = sourcecode.c.h; path = ChaiOneUI_Prefix.pch; sourceTree = SOURCE_ROOT; };
		AACBBE490F95108600F1A2B1 /* Foundation.framework */ = {isa = PBXFileReference; lastKnownFileType = wrapper.framework; name = Foundation.framework; path = System/Library/Frameworks/Foundation.framework; sourceTree = SDKROOT; };
		B53B85C514F733E5000C2401 /* UIView+CHRectManipulation.h */ = {isa = PBXFileReference; fileEncoding = 4; lastKnownFileType = sourcecode.c.h; name = "UIView+CHRectManipulation.h"; path = "Classes/UIView+CHRectManipulation.h"; sourceTree = "<group>"; };
		B53B85C614F733E5000C2401 /* UIView+CHRectManipulation.m */ = {isa = PBXFileReference; fileEncoding = 4; lastKnownFileType = sourcecode.c.objc; name = "UIView+CHRectManipulation.m"; path = "Classes/UIView+CHRectManipulation.m"; sourceTree = "<group>"; };
		B53B85C914F733F2000C2401 /* UILabel+CHAdditions.h */ = {isa = PBXFileReference; fileEncoding = 4; lastKnownFileType = sourcecode.c.h; name = "UILabel+CHAdditions.h"; path = "Classes/UILabel+CHAdditions.h"; sourceTree = "<group>"; };
		B53B85CA14F733F2000C2401 /* UILabel+CHAdditions.m */ = {isa = PBXFileReference; fileEncoding = 4; lastKnownFileType = sourcecode.c.objc; name = "UILabel+CHAdditions.m"; path = "Classes/UILabel+CHAdditions.m"; sourceTree = "<group>"; };
		B53B85CD14F73400000C2401 /* UIAlertView+CHSimpleAlerts.h */ = {isa = PBXFileReference; fileEncoding = 4; lastKnownFileType = sourcecode.c.h; name = "UIAlertView+CHSimpleAlerts.h"; path = "Classes/UIAlertView+CHSimpleAlerts.h"; sourceTree = "<group>"; };
		B53B85CE14F73400000C2401 /* UIAlertView+CHSimpleAlerts.m */ = {isa = PBXFileReference; fileEncoding = 4; lastKnownFileType = sourcecode.c.objc; name = "UIAlertView+CHSimpleAlerts.m"; path = "Classes/UIAlertView+CHSimpleAlerts.m"; sourceTree = "<group>"; };
		B53B85D114F7340A000C2401 /* UITableView+CHAdditions.h */ = {isa = PBXFileReference; fileEncoding = 4; lastKnownFileType = sourcecode.c.h; name = "UITableView+CHAdditions.h"; path = "Classes/UITableView+CHAdditions.h"; sourceTree = SOURCE_ROOT; };
		B53B85D214F7340A000C2401 /* UITableView+CHAdditions.m */ = {isa = PBXFileReference; fileEncoding = 4; lastKnownFileType = sourcecode.c.objc; name = "UITableView+CHAdditions.m"; path = "Classes/UITableView+CHAdditions.m"; sourceTree = SOURCE_ROOT; };
		B53B85D714F73431000C2401 /* CHUIMacros.h */ = {isa = PBXFileReference; fileEncoding = 4; lastKnownFileType = sourcecode.c.h; path = CHUIMacros.h; sourceTree = "<group>"; };
		B53B85D914F73444000C2401 /* CHAlertView.h */ = {isa = PBXFileReference; fileEncoding = 4; lastKnownFileType = sourcecode.c.h; path = CHAlertView.h; sourceTree = "<group>"; };
		B53B85DA14F73444000C2401 /* CHAlertView.m */ = {isa = PBXFileReference; fileEncoding = 4; lastKnownFileType = sourcecode.c.objc; path = CHAlertView.m; sourceTree = "<group>"; };
		B53B85DB14F73444000C2401 /* CHAutocompleteDelegate.h */ = {isa = PBXFileReference; fileEncoding = 4; lastKnownFileType = sourcecode.c.h; path = CHAutocompleteDelegate.h; sourceTree = "<group>"; };
		B53B85DC14F73444000C2401 /* CHAutocompleteSearchViewController.h */ = {isa = PBXFileReference; fileEncoding = 4; lastKnownFileType = sourcecode.c.h; path = CHAutocompleteSearchViewController.h; sourceTree = "<group>"; };
		B53B85DD14F73444000C2401 /* CHAutocompleteSearchViewController.m */ = {isa = PBXFileReference; fileEncoding = 4; lastKnownFileType = sourcecode.c.objc; path = CHAutocompleteSearchViewController.m; sourceTree = "<group>"; };
		B53B85DE14F73444000C2401 /* CHBarButtonItem.h */ = {isa = PBXFileReference; fileEncoding = 4; lastKnownFileType = sourcecode.c.h; path = CHBarButtonItem.h; sourceTree = "<group>"; };
		B53B85DF14F73444000C2401 /* CHBarButtonItem.m */ = {isa = PBXFileReference; fileEncoding = 4; lastKnownFileType = sourcecode.c.objc; path = CHBarButtonItem.m; sourceTree = "<group>"; };
		B53B85E014F73444000C2401 /* CHButtonStrip.h */ = {isa = PBXFileReference; fileEncoding = 4; lastKnownFileType = sourcecode.c.h; path = CHButtonStrip.h; sourceTree = "<group>"; };
		B53B85E114F73444000C2401 /* CHButtonStrip.m */ = {isa = PBXFileReference; fileEncoding = 4; lastKnownFileType = sourcecode.c.objc; path = CHButtonStrip.m; sourceTree = "<group>"; };
		B53B85E214F73444000C2401 /* CHHTMLContentViewController.h */ = {isa = PBXFileReference; fileEncoding = 4; lastKnownFileType = sourcecode.c.h; path = CHHTMLContentViewController.h; sourceTree = "<group>"; };
		B53B85E314F73444000C2401 /* CHHTMLContentViewController.m */ = {isa = PBXFileReference; fileEncoding = 4; lastKnownFileType = sourcecode.c.objc; path = CHHTMLContentViewController.m; sourceTree = "<group>"; };
		B53B85E414F73444000C2401 /* CHLoginAlertViewController.h */ = {isa = PBXFileReference; fileEncoding = 4; lastKnownFileType = sourcecode.c.h; path = CHLoginAlertViewController.h; sourceTree = "<group>"; };
		B53B85E514F73444000C2401 /* CHLoginAlertViewController.m */ = {isa = PBXFileReference; fileEncoding = 4; lastKnownFileType = sourcecode.c.objc; path = CHLoginAlertViewController.m; sourceTree = "<group>"; };
		B53B85E614F73444000C2401 /* CHModalPickerView.h */ = {isa = PBXFileReference; fileEncoding = 4; lastKnownFileType = sourcecode.c.h; path = CHModalPickerView.h; sourceTree = "<group>"; };
		B53B85E714F73444000C2401 /* CHModalPickerView.m */ = {isa = PBXFileReference; fileEncoding = 4; lastKnownFileType = sourcecode.c.objc; path = CHModalPickerView.m; sourceTree = "<group>"; };
		B53B85E814F73444000C2401 /* CHPickerViewSensitiveScrollView.h */ = {isa = PBXFileReference; fileEncoding = 4; lastKnownFileType = sourcecode.c.h; path = CHPickerViewSensitiveScrollView.h; sourceTree = "<group>"; };
		B53B85E914F73444000C2401 /* CHPickerViewSensitiveScrollView.m */ = {isa = PBXFileReference; fileEncoding = 4; lastKnownFileType = sourcecode.c.objc; path = CHPickerViewSensitiveScrollView.m; sourceTree = "<group>"; };
		B53B85EA14F73444000C2401 /* CHSegmentedControl.h */ = {isa = PBXFileReference; fileEncoding = 4; lastKnownFileType = sourcecode.c.h; path = CHSegmentedControl.h; sourceTree = "<group>"; };
		B53B85EB14F73444000C2401 /* CHSegmentedControl.m */ = {isa = PBXFileReference; fileEncoding = 4; lastKnownFileType = sourcecode.c.objc; path = CHSegmentedControl.m; sourceTree = "<group>"; };
		B53B85EC14F73444000C2401 /* CHSplashScreenViewController.h */ = {isa = PBXFileReference; fileEncoding = 4; lastKnownFileType = sourcecode.c.h; path = CHSplashScreenViewController.h; sourceTree = "<group>"; };
		B53B85ED14F73444000C2401 /* CHSplashScreenViewController.m */ = {isa = PBXFileReference; fileEncoding = 4; lastKnownFileType = sourcecode.c.objc; path = CHSplashScreenViewController.m; sourceTree = "<group>"; };
		B53B85EE14F73444000C2401 /* CHStretchableImageSegmentedControl.h */ = {isa = PBXFileReference; fileEncoding = 4; lastKnownFileType = sourcecode.c.h; path = CHStretchableImageSegmentedControl.h; sourceTree = "<group>"; };
		B53B85EF14F73444000C2401 /* CHStretchableImageSegmentedControl.m */ = {isa = PBXFileReference; fileEncoding = 4; lastKnownFileType = sourcecode.c.objc; path = CHStretchableImageSegmentedControl.m; sourceTree = "<group>"; };
		B53B860714F734BA000C2401 /* UIButton+CHFlipButton.h */ = {isa = PBXFileReference; fileEncoding = 4; lastKnownFileType = sourcecode.c.h; path = "UIButton+CHFlipButton.h"; sourceTree = "<group>"; };
		B53B860814F734BA000C2401 /* UIButton+CHFlipButton.m */ = {isa = PBXFileReference; fileEncoding = 4; lastKnownFileType = sourcecode.c.objc; path = "UIButton+CHFlipButton.m"; sourceTree = "<group>"; };
		B53B860914F734BA000C2401 /* UIDevice+CHUniqueIdentifier.h */ = {isa = PBXFileReference; fileEncoding = 4; lastKnownFileType = sourcecode.c.h; path = "UIDevice+CHUniqueIdentifier.h"; sourceTree = "<group>"; };
		B53B860A14F734BA000C2401 /* UIDevice+CHUniqueIdentifier.m */ = {isa = PBXFileReference; fileEncoding = 4; lastKnownFileType = sourcecode.c.objc; path = "UIDevice+CHUniqueIdentifier.m"; sourceTree = "<group>"; };
		B5B36CCB14F737EC00B73438 /* ChaiOneUI.h */ = {isa = PBXFileReference; fileEncoding = 4; lastKnownFileType = sourcecode.c.h; path = ChaiOneUI.h; sourceTree = "<group>"; };
		D2AAC07E0554694100DB518D /* libChaiOneUI.a */ = {isa = PBXFileReference; explicitFileType = archive.ar; includeInIndex = 0; path = libChaiOneUI.a; sourceTree = BUILT_PRODUCTS_DIR; };
/* End PBXFileReference section */

/* Begin PBXFrameworksBuildPhase section */
		D2AAC07C0554694100DB518D /* Frameworks */ = {
			isa = PBXFrameworksBuildPhase;
			buildActionMask = 2147483647;
			files = (
				AACBBE4A0F95108600F1A2B1 /* Foundation.framework in Frameworks */,
				29044EF0131C612900426DCF /* CFNetwork.framework in Frameworks */,
				29044EF2131C613000426DCF /* CoreFoundation.framework in Frameworks */,
				29044F18131C62BF00426DCF /* UIKit.framework in Frameworks */,
				29044F1A131C62C700426DCF /* QuartzCore.framework in Frameworks */,
			);
			runOnlyForDeploymentPostprocessing = 0;
		};
/* End PBXFrameworksBuildPhase section */

/* Begin PBXGroup section */
		034768DFFF38A50411DB9C8B /* Products */ = {
			isa = PBXGroup;
			children = (
				D2AAC07E0554694100DB518D /* libChaiOneUI.a */,
			);
			name = Products;
			sourceTree = "<group>";
		};
		0867D691FE84028FC02AAC07 /* ChaiOneUI */ = {
			isa = PBXGroup;
			children = (
				8DB6F4CB139029A200916F0E /* Categories */,
				B5510FEF13E1CF47009628B5 /* Macros */,
				08FB77AEFE84172EC02AAC07 /* Classes */,
				32C88DFF0371C24200C91783 /* Other Sources */,
				0867D69AFE84028FC02AAC07 /* Frameworks */,
				034768DFFF38A50411DB9C8B /* Products */,
			);
			name = ChaiOneUI;
			sourceTree = "<group>";
		};
		0867D69AFE84028FC02AAC07 /* Frameworks */ = {
			isa = PBXGroup;
			children = (
				AACBBE490F95108600F1A2B1 /* Foundation.framework */,
				29044EEF131C612900426DCF /* CFNetwork.framework */,
				29044EF1131C613000426DCF /* CoreFoundation.framework */,
				29044F17131C62BF00426DCF /* UIKit.framework */,
				29044F19131C62C700426DCF /* QuartzCore.framework */,
			);
			name = Frameworks;
			sourceTree = "<group>";
		};
		08FB77AEFE84172EC02AAC07 /* Classes */ = {
			isa = PBXGroup;
			children = (
				B53B85D914F73444000C2401 /* CHAlertView.h */,
				B53B85DA14F73444000C2401 /* CHAlertView.m */,
				B53B85DB14F73444000C2401 /* CHAutocompleteDelegate.h */,
				B53B85DC14F73444000C2401 /* CHAutocompleteSearchViewController.h */,
				B53B85DD14F73444000C2401 /* CHAutocompleteSearchViewController.m */,
				B53B85DE14F73444000C2401 /* CHBarButtonItem.h */,
				B53B85DF14F73444000C2401 /* CHBarButtonItem.m */,
				B53B85E014F73444000C2401 /* CHButtonStrip.h */,
				B53B85E114F73444000C2401 /* CHButtonStrip.m */,
				B53B85E214F73444000C2401 /* CHHTMLContentViewController.h */,
				B53B85E314F73444000C2401 /* CHHTMLContentViewController.m */,
				B53B85E414F73444000C2401 /* CHLoginAlertViewController.h */,
				B53B85E514F73444000C2401 /* CHLoginAlertViewController.m */,
				B53B85E614F73444000C2401 /* CHModalPickerView.h */,
				B53B85E714F73444000C2401 /* CHModalPickerView.m */,
				B53B85E814F73444000C2401 /* CHPickerViewSensitiveScrollView.h */,
				B53B85E914F73444000C2401 /* CHPickerViewSensitiveScrollView.m */,
				B53B85EA14F73444000C2401 /* CHSegmentedControl.h */,
				B53B85EB14F73444000C2401 /* CHSegmentedControl.m */,
				B53B85EC14F73444000C2401 /* CHSplashScreenViewController.h */,
				B53B85ED14F73444000C2401 /* CHSplashScreenViewController.m */,
				B53B85EE14F73444000C2401 /* CHStretchableImageSegmentedControl.h */,
				B53B85EF14F73444000C2401 /* CHStretchableImageSegmentedControl.m */,
				B5B36CCB14F737EC00B73438 /* ChaiOneUI.h */,
			);
			path = Classes;
			sourceTree = "<group>";
		};
		32C88DFF0371C24200C91783 /* Other Sources */ = {
			isa = PBXGroup;
			children = (
				AA747D9E0F9514B9006C5449 /* ChaiOneUI_Prefix.pch */,
			);
			name = "Other Sources";
			sourceTree = "<group>";
		};
		8DB6F4CB139029A200916F0E /* Categories */ = {
			isa = PBXGroup;
			children = (
				B58B120813D9FF94000C1663 /* UITableView */,
				B55F8DBF13D8F5AF00A8F861 /* UIAlertView */,
				8DB6F4CD139029AA00916F0E /* UILabel */,
				D2AAC07E0554694100DB518E /* UIView */,
				B53B860714F734BA000C2401 /* UIButton+CHFlipButton.h */,
				B53B860814F734BA000C2401 /* UIButton+CHFlipButton.m */,
				B53B860914F734BA000C2401 /* UIDevice+CHUniqueIdentifier.h */,
				B53B860A14F734BA000C2401 /* UIDevice+CHUniqueIdentifier.m */,
			);
			name = Categories;
			path = Classes;
			sourceTree = "<group>";
		};
		8DB6F4CD139029AA00916F0E /* UILabel */ = {
			isa = PBXGroup;
			children = (
				B53B85C914F733F2000C2401 /* UILabel+CHAdditions.h */,
				B53B85CA14F733F2000C2401 /* UILabel+CHAdditions.m */,
			);
			name = UILabel;
			sourceTree = "<group>";
		};
		B5510FEF13E1CF47009628B5 /* Macros */ = {
			isa = PBXGroup;
			children = (
				B53B85D714F73431000C2401 /* CHUIMacros.h */,
			);
			name = Macros;
			path = Classes;
			sourceTree = "<group>";
		};
		B55F8DBF13D8F5AF00A8F861 /* UIAlertView */ = {
			isa = PBXGroup;
			children = (
				B53B85CD14F73400000C2401 /* UIAlertView+CHSimpleAlerts.h */,
				B53B85CE14F73400000C2401 /* UIAlertView+CHSimpleAlerts.m */,
			);
			name = UIAlertView;
			sourceTree = "<group>";
		};
		B58B120813D9FF94000C1663 /* UITableView */ = {
			isa = PBXGroup;
			children = (
				B53B85D114F7340A000C2401 /* UITableView+CHAdditions.h */,
				B53B85D214F7340A000C2401 /* UITableView+CHAdditions.m */,
			);
			name = UITableView;
			path = External/ChaiOneUtils/Categories;
			sourceTree = "<group>";
		};
		D2AAC07E0554694100DB518E /* UIView */ = {
			isa = PBXGroup;
			children = (
				B53B85C514F733E5000C2401 /* UIView+CHRectManipulation.h */,
				B53B85C614F733E5000C2401 /* UIView+CHRectManipulation.m */,
			);
			name = UIView;
			sourceTree = "<group>";
		};
/* End PBXGroup section */

/* Begin PBXHeadersBuildPhase section */
		D2AAC07A0554694100DB518D /* Headers */ = {
			isa = PBXHeadersBuildPhase;
			buildActionMask = 2147483647;
			files = (
				B53B85D314F7340A000C2401 /* UITableView+CHAdditions.h in Headers */,
				B53B85D814F73431000C2401 /* CHUIMacros.h in Headers */,
				B53B85F014F73444000C2401 /* CHAlertView.h in Headers */,
				B53B85F214F73444000C2401 /* CHAutocompleteDelegate.h in Headers */,
				B53B85F314F73444000C2401 /* CHAutocompleteSearchViewController.h in Headers */,
				B53B85F514F73444000C2401 /* CHBarButtonItem.h in Headers */,
				B53B85F714F73444000C2401 /* CHButtonStrip.h in Headers */,
				B53B85F914F73444000C2401 /* CHHTMLContentViewController.h in Headers */,
				B53B85FB14F73444000C2401 /* CHLoginAlertViewController.h in Headers */,
				B53B85FD14F73444000C2401 /* CHModalPickerView.h in Headers */,
				B53B85FF14F73444000C2401 /* CHPickerViewSensitiveScrollView.h in Headers */,
				B53B860114F73444000C2401 /* CHSegmentedControl.h in Headers */,
				B53B860314F73444000C2401 /* CHSplashScreenViewController.h in Headers */,
				B53B860514F73444000C2401 /* CHStretchableImageSegmentedControl.h in Headers */,
				B53B860B14F734BA000C2401 /* UIButton+CHFlipButton.h in Headers */,
				B53B860D14F734BA000C2401 /* UIDevice+CHUniqueIdentifier.h in Headers */,
				B5B36CCC14F737EC00B73438 /* ChaiOneUI.h in Headers */,
				AA747D9F0F9514B9006C5449 /* ChaiOneUI_Prefix.pch in Headers */,
			);
			runOnlyForDeploymentPostprocessing = 0;
		};
/* End PBXHeadersBuildPhase section */

/* Begin PBXNativeTarget section */
		D2AAC07D0554694100DB518D /* ChaiOneUI */ = {
			isa = PBXNativeTarget;
			buildConfigurationList = 1DEB921E08733DC00010E9CD /* Build configuration list for PBXNativeTarget "ChaiOneUI" */;
			buildPhases = (
				D2AAC07A0554694100DB518D /* Headers */,
				D2AAC07B0554694100DB518D /* Sources */,
				D2AAC07C0554694100DB518D /* Frameworks */,
			);
			buildRules = (
			);
			dependencies = (
			);
			name = ChaiOneUI;
			productName = ChaiOneUI;
			productReference = D2AAC07E0554694100DB518D /* libChaiOneUI.a */;
			productType = "com.apple.product-type.library.static";
		};
/* End PBXNativeTarget section */

/* Begin PBXProject section */
		0867D690FE84028FC02AAC07 /* Project object */ = {
			isa = PBXProject;
			attributes = {
				LastUpgradeCheck = 0420;
			};
			buildConfigurationList = 1DEB922208733DC00010E9CD /* Build configuration list for PBXProject "ChaiOneUI" */;
			compatibilityVersion = "Xcode 3.2";
			developmentRegion = English;
			hasScannedForEncodings = 1;
			knownRegions = (
				English,
				Japanese,
				French,
				German,
			);
			mainGroup = 0867D691FE84028FC02AAC07 /* ChaiOneUI */;
			productRefGroup = 034768DFFF38A50411DB9C8B /* Products */;
			projectDirPath = "";
			projectRoot = "";
			targets = (
				D2AAC07D0554694100DB518D /* ChaiOneUI */,
			);
		};
/* End PBXProject section */

/* Begin PBXSourcesBuildPhase section */
		D2AAC07B0554694100DB518D /* Sources */ = {
			isa = PBXSourcesBuildPhase;
			buildActionMask = 2147483647;
			files = (
				B53B85D414F7340A000C2401 /* UITableView+CHAdditions.m in Sources */,
				B53B85F114F73444000C2401 /* CHAlertView.m in Sources */,
				B53B85F414F73444000C2401 /* CHAutocompleteSearchViewController.m in Sources */,
				B53B85F614F73444000C2401 /* CHBarButtonItem.m in Sources */,
				B53B85F814F73444000C2401 /* CHButtonStrip.m in Sources */,
				B53B85FA14F73444000C2401 /* CHHTMLContentViewController.m in Sources */,
				B53B85FC14F73444000C2401 /* CHLoginAlertViewController.m in Sources */,
				B53B85FE14F73444000C2401 /* CHModalPickerView.m in Sources */,
				B53B860014F73444000C2401 /* CHPickerViewSensitiveScrollView.m in Sources */,
				B53B860214F73444000C2401 /* CHSegmentedControl.m in Sources */,
				B53B860414F73444000C2401 /* CHSplashScreenViewController.m in Sources */,
				B53B860614F73444000C2401 /* CHStretchableImageSegmentedControl.m in Sources */,
				B53B860C14F734BA000C2401 /* UIButton+CHFlipButton.m in Sources */,
				B53B860E14F734BA000C2401 /* UIDevice+CHUniqueIdentifier.m in Sources */,
			);
			runOnlyForDeploymentPostprocessing = 0;
		};
/* End PBXSourcesBuildPhase section */

/* Begin XCBuildConfiguration section */
		1DEB921F08733DC00010E9CD /* Debug */ = {
			isa = XCBuildConfiguration;
			buildSettings = {
				ALWAYS_SEARCH_USER_PATHS = NO;
				ARCHS = (
					i386,
					armv7,
					armv6,
				);
				COPY_PHASE_STRIP = NO;
				DSTROOT = /tmp/ChaiOneUI.dst;
				GCC_DYNAMIC_NO_PIC = NO;
				GCC_MODEL_TUNING = G5;
				GCC_OPTIMIZATION_LEVEL = 0;
				GCC_PRECOMPILE_PREFIX_HEADER = YES;
				GCC_PREFIX_HEADER = ChaiOneUI_Prefix.pch;
				GCC_VERSION = com.apple.compilers.llvm.clang.1_0;
				HEADER_SEARCH_PATHS = "External/ChaiOneUtils/**";
				INSTALL_PATH = /usr/local/lib;
				OTHER_LDFLAGS = (
					"-all_load",
					"-ObjC",
				);
				PRODUCT_NAME = ChaiOneUI;
				PUBLIC_HEADERS_FOLDER_PATH = Headers;
				SKIP_INSTALL = YES;
				VALID_ARCHS = "i386 $(ARCHS_STANDARD_32_BIT) armv6";
			};
			name = Debug;
		};
		1DEB922008733DC00010E9CD /* Release */ = {
			isa = XCBuildConfiguration;
			buildSettings = {
				ALWAYS_SEARCH_USER_PATHS = NO;
				ARCHS = (
					i386,
					armv7,
					armv6,
				);
				DSTROOT = /tmp/ChaiOneUI.dst;
				GCC_MODEL_TUNING = G5;
				GCC_PRECOMPILE_PREFIX_HEADER = YES;
				GCC_PREFIX_HEADER = ChaiOneUI_Prefix.pch;
				GCC_VERSION = com.apple.compilers.llvm.clang.1_0;
				HEADER_SEARCH_PATHS = "External/ChaiOneUtils/**";
				INSTALL_PATH = /usr/local/lib;
				OTHER_LDFLAGS = (
					"-all_load",
					"-ObjC",
				);
				PRODUCT_NAME = ChaiOneUI;
				PUBLIC_HEADERS_FOLDER_PATH = Headers;
				SKIP_INSTALL = YES;
				VALID_ARCHS = "i386 $(ARCHS_STANDARD_32_BIT) armv6";
			};
			name = Release;
		};
		1DEB922308733DC00010E9CD /* Debug */ = {
			isa = XCBuildConfiguration;
			buildSettings = {
				ARCHS = (
					i386,
					"$(ARCHS_STANDARD_32_BIT)",
					armv6,
				);
				GCC_C_LANGUAGE_STANDARD = c99;
				GCC_OPTIMIZATION_LEVEL = 0;
				GCC_VERSION = com.apple.compilers.llvm.clang.1_0;
				GCC_WARN_ABOUT_RETURN_TYPE = YES;
				GCC_WARN_UNUSED_VARIABLE = YES;
				IPHONEOS_DEPLOYMENT_TARGET = 3.1.3;
				OTHER_LDFLAGS = "-ObjC";
				SDKROOT = iphoneos;
				VALID_ARCHS = "i386 $(ARCHS_STANDARD_32_BIT) armv6";
			};
			name = Debug;
		};
		1DEB922408733DC00010E9CD /* Release */ = {
			isa = XCBuildConfiguration;
			buildSettings = {
				ARCHS = (
					i386,
					"$(ARCHS_STANDARD_32_BIT)",
					armv6,
				);
				GCC_C_LANGUAGE_STANDARD = c99;
				GCC_VERSION = com.apple.compilers.llvm.clang.1_0;
				GCC_WARN_ABOUT_RETURN_TYPE = YES;
				GCC_WARN_UNUSED_VARIABLE = YES;
				IPHONEOS_DEPLOYMENT_TARGET = 3.1.3;
				OTHER_LDFLAGS = "-ObjC";
				SDKROOT = iphoneos;
				VALID_ARCHS = "i386 $(ARCHS_STANDARD_32_BIT) armv6";
			};
			name = Release;
		};
/* End XCBuildConfiguration section */

/* Begin XCConfigurationList section */
		1DEB921E08733DC00010E9CD /* Build configuration list for PBXNativeTarget "ChaiOneUI" */ = {
			isa = XCConfigurationList;
			buildConfigurations = (
				1DEB921F08733DC00010E9CD /* Debug */,
				1DEB922008733DC00010E9CD /* Release */,
			);
			defaultConfigurationIsVisible = 0;
			defaultConfigurationName = Release;
		};
		1DEB922208733DC00010E9CD /* Build configuration list for PBXProject "ChaiOneUI" */ = {
			isa = XCConfigurationList;
			buildConfigurations = (
				1DEB922308733DC00010E9CD /* Debug */,
				1DEB922408733DC00010E9CD /* Release */,
			);
			defaultConfigurationIsVisible = 0;
			defaultConfigurationName = Release;
		};
/* End XCConfigurationList section */
	};
	rootObject = 0867D690FE84028FC02AAC07 /* Project object */;
}
